
Microsoft Visual Studio Solution File, Format Version 12.00
# Visual Studio Version 16
VisualStudioVersion = 16.0.30114.105
MinimumVisualStudioVersion = 10.0.40219.1
Project("{FAE04EC0-301F-11D3-BF4B-00C04F79EFBC}") = "API", "API\API.csproj", "{11AFB05F-DC07-4FC8-9898-836BBB3DE213}"
EndProject
Project("{FAE04EC0-301F-11D3-BF4B-00C04F79EFBC}") = "Application", "Application\Application.csproj", "{CD9FBAB9-8843-4DF5-917A-B3D93A3EB4E1}"
EndProject
Project("{FAE04EC0-301F-11D3-BF4B-00C04F79EFBC}") = "Persistence", "Persistence\Persistence.csproj", "{880DFF97-713A-449D-8BC6-6D79706DC57D}"
EndProject
Project("{FAE04EC0-301F-11D3-BF4B-00C04F79EFBC}") = "Domain", "Domain\Domain.csproj", "{FBF09378-6FEA-4957-B1E1-369271B65CFB}"
EndProject
Global
	GlobalSection(SolutionConfigurationPlatforms) = preSolution
		Debug|Any CPU = Debug|Any CPU
		Debug|x64 = Debug|x64
		Debug|x86 = Debug|x86
		Release|Any CPU = Release|Any CPU
		Release|x64 = Release|x64
		Release|x86 = Release|x86
	EndGlobalSection
	GlobalSection(SolutionProperties) = preSolution
		HideSolutionNode = FALSE
	EndGlobalSection
	GlobalSection(ProjectConfigurationPlatforms) = postSolution
		{11AFB05F-DC07-4FC8-9898-836BBB3DE213}.Debug|Any CPU.ActiveCfg = Debug|Any CPU
		{11AFB05F-DC07-4FC8-9898-836BBB3DE213}.Debug|Any CPU.Build.0 = Debug|Any CPU
		{11AFB05F-DC07-4FC8-9898-836BBB3DE213}.Debug|x64.ActiveCfg = Debug|Any CPU
		{11AFB05F-DC07-4FC8-9898-836BBB3DE213}.Debug|x64.Build.0 = Debug|Any CPU
		{11AFB05F-DC07-4FC8-9898-836BBB3DE213}.Debug|x86.ActiveCfg = Debug|Any CPU
		{11AFB05F-DC07-4FC8-9898-836BBB3DE213}.Debug|x86.Build.0 = Debug|Any CPU
		{11AFB05F-DC07-4FC8-9898-836BBB3DE213}.Release|Any CPU.ActiveCfg = Release|Any CPU
		{11AFB05F-DC07-4FC8-9898-836BBB3DE213}.Release|Any CPU.Build.0 = Release|Any CPU
		{11AFB05F-DC07-4FC8-9898-836BBB3DE213}.Release|x64.ActiveCfg = Release|Any CPU
		{11AFB05F-DC07-4FC8-9898-836BBB3DE213}.Release|x64.Build.0 = Release|Any CPU
		{11AFB05F-DC07-4FC8-9898-836BBB3DE213}.Release|x86.ActiveCfg = Release|Any CPU
		{11AFB05F-DC07-4FC8-9898-836BBB3DE213}.Release|x86.Build.0 = Release|Any CPU
		{CD9FBAB9-8843-4DF5-917A-B3D93A3EB4E1}.Debug|Any CPU.ActiveCfg = Debug|Any CPU
		{CD9FBAB9-8843-4DF5-917A-B3D93A3EB4E1}.Debug|Any CPU.Build.0 = Debug|Any CPU
		{CD9FBAB9-8843-4DF5-917A-B3D93A3EB4E1}.Debug|x64.ActiveCfg = Debug|Any CPU
		{CD9FBAB9-8843-4DF5-917A-B3D93A3EB4E1}.Debug|x64.Build.0 = Debug|Any CPU
		{CD9FBAB9-8843-4DF5-917A-B3D93A3EB4E1}.Debug|x86.ActiveCfg = Debug|Any CPU
		{CD9FBAB9-8843-4DF5-917A-B3D93A3EB4E1}.Debug|x86.Build.0 = Debug|Any CPU
		{CD9FBAB9-8843-4DF5-917A-B3D93A3EB4E1}.Release|Any CPU.ActiveCfg = Release|Any CPU
		{CD9FBAB9-8843-4DF5-917A-B3D93A3EB4E1}.Release|Any CPU.Build.0 = Release|Any CPU
		{CD9FBAB9-8843-4DF5-917A-B3D93A3EB4E1}.Release|x64.ActiveCfg = Release|Any CPU
		{CD9FBAB9-8843-4DF5-917A-B3D93A3EB4E1}.Release|x64.Build.0 = Release|Any CPU
		{CD9FBAB9-8843-4DF5-917A-B3D93A3EB4E1}.Release|x86.ActiveCfg = Release|Any CPU
		{CD9FBAB9-8843-4DF5-917A-B3D93A3EB4E1}.Release|x86.Build.0 = Release|Any CPU
		{880DFF97-713A-449D-8BC6-6D79706DC57D}.Debug|Any CPU.ActiveCfg = Debug|Any CPU
		{880DFF97-713A-449D-8BC6-6D79706DC57D}.Debug|Any CPU.Build.0 = Debug|Any CPU
		{880DFF97-713A-449D-8BC6-6D79706DC57D}.Debug|x64.ActiveCfg = Debug|Any CPU
		{880DFF97-713A-449D-8BC6-6D79706DC57D}.Debug|x64.Build.0 = Debug|Any CPU
		{880DFF97-713A-449D-8BC6-6D79706DC57D}.Debug|x86.ActiveCfg = Debug|Any CPU
		{880DFF97-713A-449D-8BC6-6D79706DC57D}.Debug|x86.Build.0 = Debug|Any CPU
		{880DFF97-713A-449D-8BC6-6D79706DC57D}.Release|Any CPU.ActiveCfg = Release|Any CPU
		{880DFF97-713A-449D-8BC6-6D79706DC57D}.Release|Any CPU.Build.0 = Release|Any CPU
		{880DFF97-713A-449D-8BC6-6D79706DC57D}.Release|x64.ActiveCfg = Release|Any CPU
		{880DFF97-713A-449D-8BC6-6D79706DC57D}.Release|x64.Build.0 = Release|Any CPU
		{880DFF97-713A-449D-8BC6-6D79706DC57D}.Release|x86.ActiveCfg = Release|Any CPU
		{880DFF97-713A-449D-8BC6-6D79706DC57D}.Release|x86.Build.0 = Release|Any CPU
		{FBF09378-6FEA-4957-B1E1-369271B65CFB}.Debug|Any CPU.ActiveCfg = Debug|Any CPU
		{FBF09378-6FEA-4957-B1E1-369271B65CFB}.Debug|Any CPU.Build.0 = Debug|Any CPU
		{FBF09378-6FEA-4957-B1E1-369271B65CFB}.Debug|x64.ActiveCfg = Debug|Any CPU
		{FBF09378-6FEA-4957-B1E1-369271B65CFB}.Debug|x64.Build.0 = Debug|Any CPU
		{FBF09378-6FEA-4957-B1E1-369271B65CFB}.Debug|x86.ActiveCfg = Debug|Any CPU
		{FBF09378-6FEA-4957-B1E1-369271B65CFB}.Debug|x86.Build.0 = Debug|Any CPU
		{FBF09378-6FEA-4957-B1E1-369271B65CFB}.Release|Any CPU.ActiveCfg = Release|Any CPU
		{FBF09378-6FEA-4957-B1E1-369271B65CFB}.Release|Any CPU.Build.0 = Release|Any CPU
		{FBF09378-6FEA-4957-B1E1-369271B65CFB}.Release|x64.ActiveCfg = Release|Any CPU
		{FBF09378-6FEA-4957-B1E1-369271B65CFB}.Release|x64.Build.0 = Release|Any CPU
		{FBF09378-6FEA-4957-B1E1-369271B65CFB}.Release|x86.ActiveCfg = Release|Any CPU
		{FBF09378-6FEA-4957-B1E1-369271B65CFB}.Release|x86.Build.0 = Release|Any CPU
	EndGlobalSection
EndGlobal
